{
  "version": 1,
  "dependencies": {
    "net10.0-windows7.0": {
      "DalamudPackager": {
        "type": "Direct",
        "requested": "[15.0.0, )",
        "resolved": "15.0.0",
        "contentHash": "411vwC8/X8Z/sQ2TI6v3SvOn66xFPeOjFn3Zn+h0d3Ox2t1kFm66AhDvmx/qcMwVrR+Hidxj0dadpQ2dgyXMBQ=="
      },
      "DotNet.ReproducibleBuilds": {
        "type": "Direct",
        "requested": "[1.2.39, )",
        "resolved": "1.2.39",
        "contentHash": "fcFN01tDTIQqDuTwr1jUQK/geofiwjG5DycJQOnC72i1SsLAk1ELe+apBOuZ11UMQG8YKFZG1FgvjZPbqHyatg=="
      },
      "Glamourer.Api": {
        "type": "Direct",
        "requested": "[2.8.2, )",
        "resolved": "2.8.2",
        "contentHash": "+mEzejUhvJLcpTjv4Hk6ap22WiEPyEa9wg1EECFwDJim1B+fKy3l4iWlvjaoEFlfp+nB67BZp8KBiHclsEBQQw=="
      },
      "Magick.NET-Q8-AnyCPU": {
        "type": "Direct",
        "requested": "[14.4.0, )",
        "resolved": "14.4.0",
        "contentHash": "4f/6tga1izjCm29qGlPlTc7txquzd5cOgRFuCD6fh7tu+QS4Rd6gZpvRwrIb4e/Y0pE1JQyF2j4RRmQ23T8BLA==",
        "dependencies": {
          "Magick.NET.Core": "14.4.0"
        }
      },
      "Newtonsoft.Json": {
        "type": "Direct",
        "requested": "[13.0.3, )",
        "resolved": "13.0.3",
        "contentHash": "HrC5BXdl00IP9zeV+0Z848QWPAoCr9P3bDEZguI+gkLcBKAOxix/tLEAAHC+UvDNPv4a2d18lOReHMOagPa+zQ=="
      },
      "Penumbra.Api": {
        "type": "Direct",
        "requested": "[5.15.1, )",
        "resolved": "5.15.1",
        "contentHash": "3ikk0zIOaLm2n3nZRQpW3xaRQ2cq/TOOEApNUjYXolqbyvCrZVGXhdQulcssNUbo0AMQ81l+cf7OfqRceeRBcg=="
      },
      "PsdSharp": {
        "type": "Direct",
        "requested": "[1.2.0, )",
        "resolved": "1.2.0",
        "contentHash": "fuzpBrAUfmhkG4KuBb2CQwOZ5Ni46I7sHcuwyGo+GqYGYOhfuwJu8C+rxDQ7nvCpgib3F99JZhewszipvQFwxQ=="
      },
      "Vortice.D3DCompiler": {
        "type": "Direct",
        "requested": "[3.5.0, )",
        "resolved": "3.5.0",
        "contentHash": "zPo545NXqrKbQf0EDK4jKmxe1KS4v9c+04eycFrfsokX/h0sZKkfmqcluXYzUh/F+5dv6kN9kUf7OTRO2mLqqQ==",
        "dependencies": {
          "SharpGen.Runtime": "2.1.2-beta",
          "Vortice.DirectX": "3.5.0"
        }
      },
      "Vortice.Direct3D11": {
        "type": "Direct",
        "requested": "[3.5.0, )",
        "resolved": "3.5.0",
        "contentHash": "TUVz5tml5tTlk1UpQgh/0cj74ehmlyzvQeGdVkdQGACth2v2t1d+/f84dqT/Trs/5O2WdIvXfYQe2yxALLR5mQ==",
        "dependencies": {
          "SharpGen.Runtime": "2.1.2-beta",
          "Vortice.DXGI": "3.5.0"
        }
      },
      "Vortice.Mathematics": {
        "type": "Direct",
        "requested": "[1.8.1, )",
        "resolved": "1.9.0",
        "contentHash": "L4z6tExsSgVIwqjBVXYHjbivJY4DKVD1513oDIBCTv2QtDdPurqj6UvHCPwiJolyZWyTbeEkgRKmkxI026ZcKA=="
      },
      "CoenM.ImageSharp.ImageHash": {
        "type": "Transitive",
        "resolved": "1.3.6",
        "contentHash": "YybzOMYqvZ5xu+TH2ATefESFTR1DcZbGCc4BBl7fVWITP78Wng8vvjT38pLv5dyQUGXR3V9Gfo9DBBjAEYWSPQ==",
        "dependencies": {
          "SixLabors.ImageSharp": "2.1.3"
        }
      },
      "ComputeSharp": {
        "type": "Transitive",
        "resolved": "3.2.0",
        "contentHash": "DaFaqJS2cp6pCmjXcqG4KxE8KAy+x7W9SLxF1UnvPr+V29nj0a+0dMp0qSVNu49ePhYNBvSv8ZzuHZr2ac23rA==",
        "dependencies": {
          "ComputeSharp.Core": "3.2.0"
        }
      },
      "ComputeSharp.Core": {
        "type": "Transitive",
        "resolved": "3.2.0",
        "contentHash": "ImIKT+x8IpWG+i/D8bIBtxeZ7FwlzcpKtoOgLzrwgJu0XopoVLsh3Xu6uzgZQIgtegFZK15PYqpgZKhMu2UTcg=="
      },
      "Lumina": {
        "type": "Transitive",
        "resolved": "6.2.0",
        "contentHash": "SnGjr85Bn+J7Zz8FJrsrqibFQSmHn5ulR8VIZrdsLWPiDFtJalvzQS41GK1fNyQHH8IHqY8RHa8ApHVLfIr0Yw==",
        "dependencies": {
          "Microsoft.Extensions.ObjectPool": "8.0.7"
        }
      },
      "Magick.NET.Core": {
        "type": "Transitive",
        "resolved": "14.4.0",
        "contentHash": "nmSA3LWK77rZlQ085RBqFLr67GVFyz4mAcuiVGQ9LcNwbxUm4Zcte4D9N+TxAyew6CXzoyHAG3i7NeDgpuztWw=="
      },
      "Microsoft.Extensions.ObjectPool": {
        "type": "Transitive",
        "resolved": "8.0.7",
        "contentHash": "2yLweyqmpuuFSRo+I3sLHMxmnAgNcI537kBJiyv49U2ZEqo00jZcG8lrnD8uCiOJp9IklYyTZULtbsXoFVzsjQ=="
      },
      "SharpGen.Runtime": {
        "type": "Transitive",
        "resolved": "2.1.2-beta",
        "contentHash": "nqZAjfEG1jX1ivvdZLsi6Pkt0DiOJyuOgRgldNFsmjXFPhxUbXQibofLSwuDZidL2kkmtTF8qLoRIeqeVdXgYw=="
      },
      "SharpGen.Runtime.COM": {
        "type": "Transitive",
        "resolved": "2.1.2-beta",
        "contentHash": "HBCrb6HfnUWx9v5/GjJeBr5DuodZLnHlFQQYXPrQs1Hbe1c6Wd0uCXf+SJp4hW8fQNxjXEu0FgiyHGlA/SRzRw==",
        "dependencies": {
          "SharpGen.Runtime": "2.1.2-beta"
        }
      },
      "SixLabors.Fonts": {
        "type": "Transitive",
        "resolved": "2.1.3",
        "contentHash": "ORWbZ5BHrC/LZvo+Y09MnoJq5VUKD85LsYALk+YI7CHFra+m5arCkz00IntDM6SrAiB22bvSdKtKmuCyHOKlqg=="
      },
      "SixLabors.ImageSharp": {
        "type": "Transitive",
        "resolved": "3.1.8",
        "contentHash": "8eJkROLGh6DBQLR666q2aOpAaean2puZaZ6Ur9YxoyGzjaZhv8OJSxtnDou54+OXMkXtLUdyQC0so47sOsqZjg=="
      },
      "SixLabors.ImageSharp.Drawing": {
        "type": "Transitive",
        "resolved": "2.1.6",
        "contentHash": "/VeIBfAcaYcqqWMgVyF0nzdmWBkDQhppL8tltd8pFyUYanytCFnJG77bZYOGllk4LYLFdKduACvbpKGUpflp1w==",
        "dependencies": {
          "SixLabors.Fonts": "2.1.3",
          "SixLabors.ImageSharp": "3.1.8"
        }
      },
      "Vortice.DirectX": {
        "type": "Transitive",
        "resolved": "3.5.0",
        "contentHash": "LwyojEqRCaYgMoEqKsLnHWJ85wM237wFzZy/w57kvQPDsEd+zcqdwDYswOCEdizcLtDBzX/Xt4bbUPgFi8Kp4w==",
        "dependencies": {
          "SharpGen.Runtime": "2.1.2-beta",
          "SharpGen.Runtime.COM": "2.1.2-beta",
          "Vortice.Mathematics": "1.7.8"
        }
      },
      "Vortice.DXGI": {
        "type": "Transitive",
        "resolved": "3.5.0",
        "contentHash": "W1dHY13DbitLJDVAAD8+YiGddqzBP1m3wN3pfEmxYrrE+dGEV/31aaw8EV74GXYnJQZ2vWJCnc7LCFPR2YkBnw==",
        "dependencies": {
          "SharpGen.Runtime": "2.1.2-beta",
          "Vortice.DirectX": "3.5.0"
        }
      },
      "loosetexturecompilercore": {
        "type": "Project",
        "dependencies": {
          "CoenM.ImageSharp.ImageHash": "[1.3.6, )",
          "ComputeSharp": "[3.2.0, )",
          "Lumina": "[6.2.0, )",
          "Newtonsoft.Json": "[13.0.3, )",
          "SixLabors.ImageSharp": "[3.1.8, )",
          "SixLabors.ImageSharp.Drawing": "[2.1.6, )"
        }
      }
    }
  }
}